# This file was autogenerated by Stack.
# You should not edit this file by hand.
# For more information, please see the documentation at:
#   https://docs.haskellstack.org/en/stable/lock_files

packages:
- completed:
    hackage: tasty-hedgehog-1.0.0.0@sha256:b29afb8ffec1dc05162afdd2639101ae0e4f1ed78a9931fcf00d497f60d41eb0,1766
    pantry-tree:
      size: 330
      sha256: afdec45f690c7e791433eb213d170e3bb16dadaea6b04d5c56b6504a05a73c7f
  original:
    hackage: tasty-hedgehog-1.0.0.0
- completed:
    hackage: hedgehog-1.0@sha256:440dafedac48a34eac3871f8622b215462cfc0708536cb0458b7a8cf38247c69,4463
    pantry-tree:
      size: 2409
      sha256: 985f5ddc16bc1fd4b0c33d4b4e6f54d205fc63aa97b5912b0fcb370dc2a672e3
  original:
    hackage: hedgehog-1.0
snapshots:
- completed:
    size: 492638
    url: https://raw.githubusercontent.com/commercialhaskell/stackage-snapshots/master/lts/13/1.yaml
    sha256: 072c924d439a6b0c73241e575be15656a071c1b627706c88c66f9045870462ee
  original: lts-13.1
